github.com/LeftTwixWand/Slowly v0.0.0-20201030092539-13b60375ec08 h1:xATx3lPc3FcMi81wlGKUheAewkKM8ewX7fcjTk9SImM=
github.com/LeftTwixWand/Slowly v0.0.0-20201030092539-13b60375ec08/go.mod h1:Yxf8HWn39fSKmAYFBdz59j1vbpCrbq5Cqq6syUIb0gk=
github.com/gorilla/mux v1.8.0 h1:i40aqfkR1h2SlN9hojwV5ZA91wcXFOvkdNIeFDP5koI=
github.com/gorilla/mux v1.8.0/go.mod h1:DVbg23sWSpFRCP0SfiEN6jmj59UnW/n46BH5rLB71So=
github.com/lefttwixwand/slowly v0.0.0-20201030092539-13b60375ec08/go.mod h1:CS+40jpzvPmb4USqgcn4kSq1RgSXxj4sSwMVHdb/NCo=
