github.com/gorilla/mux v1.8.0 h1:i40aqfkR1h2SlN9hojwV5ZA91wcXFOvkdNIeFDP5koI=
github.com/gorilla/mux v1.8.0/go.mod h1:DVbg23sWSpFRCP0SfiEN6jmj59UnW/n46BH5rLB71So=
github.com/lefttwixwand/slowly v0.0.0-20201030120519-383361356945 h1:Sdvkw+XMnEzkx+kz5QyzINn9aXHEsKoNWAGns7XGoKw=
github.com/lefttwixwand/slowly v0.0.0-20201030120519-383361356945/go.mod h1:CS+40jpzvPmb4USqgcn4kSq1RgSXxj4sSwMVHdb/NCo=
